
Microsoft Visual Studio Solution File, Format Version 12.00
# Visual Studio Version 17
VisualStudioVersion = 17.3.32929.385
MinimumVisualStudioVersion = 10.0.40219.1
Project("{FAE04EC0-301F-11D3-BF4B-00C04F79EFBC}") = "Курсова", "Курсова\Курсова.csproj", "{C696C7A8-D9CF-4495-9C3A-908C6FC44AAB}"
EndProject
Global
	GlobalSection(SolutionConfigurationPlatforms) = preSolution
		Debug|Any CPU = Debug|Any CPU
		Release|Any CPU = Release|Any CPU
	EndGlobalSection
	GlobalSection(ProjectConfigurationPlatforms) = postSolution
		{C696C7A8-D9CF-4495-9C3A-908C6FC44AAB}.Debug|Any CPU.ActiveCfg = Debug|Any CPU
		{C696C7A8-D9CF-4495-9C3A-908C6FC44AAB}.Debug|Any CPU.Build.0 = Debug|Any CPU
		{C696C7A8-D9CF-4495-9C3A-908C6FC44AAB}.Release|Any CPU.ActiveCfg = Release|Any CPU
		{C696C7A8-D9CF-4495-9C3A-908C6FC44AAB}.Release|Any CPU.Build.0 = Release|Any CPU
	EndGlobalSection
	GlobalSection(SolutionProperties) = preSolution
		HideSolutionNode = FALSE
	EndGlobalSection
	GlobalSection(ExtensibilityGlobals) = postSolution
		SolutionGuid = {3A0E8BDB-AFC8-4F12-AF0B-1289C17E0FFB}
	EndGlobalSection
EndGlobal
